
Microsoft Visual Studio Solution File, Format Version 12.00
# Visual Studio Version 17
VisualStudioVersion = 17.11.35327.3
MinimumVisualStudioVersion = 10.0.40219.1
Project("{FAE04EC0-301F-11D3-BF4B-00C04F79EFBC}") = "InsideSistemas.Domain", "InsideSistemas.Domain\InsideSistemas.Domain.csproj", "{A516D381-4CBA-4B55-A9D3-B865D318EC49}"
EndProject
Project("{FAE04EC0-301F-11D3-BF4B-00C04F79EFBC}") = "InsideSistemas.Infrastructure", "InsideSistemas.Infrastructure\InsideSistemas.Infrastructure.csproj", "{DEF2AB8B-62F2-4433-8C7C-5A3BE1DF0C01}"
EndProject
Project("{FAE04EC0-301F-11D3-BF4B-00C04F79EFBC}") = "InsideSistemas.Application", "InsideSistemas.Application\InsideSistemas.Application.csproj", "{F7799C86-3CC5-4F35-BF25-06F541838285}"
EndProject
Project("{FAE04EC0-301F-11D3-BF4B-00C04F79EFBC}") = "InsideSistemas.Test", "InsideSistemas.Test\InsideSistemas.Test.csproj", "{AF4CF9FC-45AB-436E-84BE-BDB093AFA855}"
EndProject
Project("{FAE04EC0-301F-11D3-BF4B-00C04F79EFBC}") = "InsideSistemas.Api", "InsideSistemas.Api\InsideSistemas.Api.csproj", "{11DF660D-7BD2-410F-B5CE-86F899F43A01}"
EndProject
Global
	GlobalSection(SolutionConfigurationPlatforms) = preSolution
		Debug|Any CPU = Debug|Any CPU
		Release|Any CPU = Release|Any CPU
	EndGlobalSection
	GlobalSection(ProjectConfigurationPlatforms) = postSolution
		{A516D381-4CBA-4B55-A9D3-B865D318EC49}.Debug|Any CPU.ActiveCfg = Debug|Any CPU
		{A516D381-4CBA-4B55-A9D3-B865D318EC49}.Debug|Any CPU.Build.0 = Debug|Any CPU
		{A516D381-4CBA-4B55-A9D3-B865D318EC49}.Release|Any CPU.ActiveCfg = Release|Any CPU
		{A516D381-4CBA-4B55-A9D3-B865D318EC49}.Release|Any CPU.Build.0 = Release|Any CPU
		{DEF2AB8B-62F2-4433-8C7C-5A3BE1DF0C01}.Debug|Any CPU.ActiveCfg = Debug|Any CPU
		{DEF2AB8B-62F2-4433-8C7C-5A3BE1DF0C01}.Debug|Any CPU.Build.0 = Debug|Any CPU
		{DEF2AB8B-62F2-4433-8C7C-5A3BE1DF0C01}.Release|Any CPU.ActiveCfg = Release|Any CPU
		{DEF2AB8B-62F2-4433-8C7C-5A3BE1DF0C01}.Release|Any CPU.Build.0 = Release|Any CPU
		{F7799C86-3CC5-4F35-BF25-06F541838285}.Debug|Any CPU.ActiveCfg = Debug|Any CPU
		{F7799C86-3CC5-4F35-BF25-06F541838285}.Debug|Any CPU.Build.0 = Debug|Any CPU
		{F7799C86-3CC5-4F35-BF25-06F541838285}.Release|Any CPU.ActiveCfg = Release|Any CPU
		{F7799C86-3CC5-4F35-BF25-06F541838285}.Release|Any CPU.Build.0 = Release|Any CPU
		{AF4CF9FC-45AB-436E-84BE-BDB093AFA855}.Debug|Any CPU.ActiveCfg = Debug|Any CPU
		{AF4CF9FC-45AB-436E-84BE-BDB093AFA855}.Debug|Any CPU.Build.0 = Debug|Any CPU
		{AF4CF9FC-45AB-436E-84BE-BDB093AFA855}.Release|Any CPU.ActiveCfg = Release|Any CPU
		{AF4CF9FC-45AB-436E-84BE-BDB093AFA855}.Release|Any CPU.Build.0 = Release|Any CPU
		{11DF660D-7BD2-410F-B5CE-86F899F43A01}.Debug|Any CPU.ActiveCfg = Debug|Any CPU
		{11DF660D-7BD2-410F-B5CE-86F899F43A01}.Debug|Any CPU.Build.0 = Debug|Any CPU
		{11DF660D-7BD2-410F-B5CE-86F899F43A01}.Release|Any CPU.ActiveCfg = Release|Any CPU
		{11DF660D-7BD2-410F-B5CE-86F899F43A01}.Release|Any CPU.Build.0 = Release|Any CPU
	EndGlobalSection
	GlobalSection(SolutionProperties) = preSolution
		HideSolutionNode = FALSE
	EndGlobalSection
	GlobalSection(ExtensibilityGlobals) = postSolution
		SolutionGuid = {3920DED8-1670-44AA-B970-0DA419D4114D}
	EndGlobalSection
EndGlobal
